
Microsoft Visual Studio Solution File, Format Version 12.00
# Visual Studio Version 17
VisualStudioVersion = 17.6.33712.159
MinimumVisualStudioVersion = 10.0.40219.1
Project("{9A19103F-16F7-4668-BE54-9A1E7A4F7556}") = "LeaveManagement.Web", "LeaveManagement.Web\LeaveManagement.Web.csproj", "{813D93E4-F449-4B5E-AD66-C2A3E8BB38DA}"
EndProject
Project("{FAE04EC0-301F-11D3-BF4B-00C04F79EFBC}") = "LeaveManagement.Data", "LeaveManagement.Data\LeaveManagement.Data.csproj", "{14B957BB-EAE0-4134-BB42-D5C494DEA780}"
EndProject
Project("{FAE04EC0-301F-11D3-BF4B-00C04F79EFBC}") = "LeaveManagement.Common", "LeaveManagement.Common\LeaveManagement.Common.csproj", "{A3FA55F0-A908-4E48-AB79-3C937A56E57B}"
EndProject
Project("{FAE04EC0-301F-11D3-BF4B-00C04F79EFBC}") = "LeaveManagement.Application", "LeaveManagement.Application\LeaveManagement.Application.csproj", "{1FF03AEA-83A5-4521-9FB0-BB68EFCB3632}"
EndProject
Global
	GlobalSection(SolutionConfigurationPlatforms) = preSolution
		Debug|Any CPU = Debug|Any CPU
		Release|Any CPU = Release|Any CPU
	EndGlobalSection
	GlobalSection(ProjectConfigurationPlatforms) = postSolution
		{813D93E4-F449-4B5E-AD66-C2A3E8BB38DA}.Debug|Any CPU.ActiveCfg = Debug|Any CPU
		{813D93E4-F449-4B5E-AD66-C2A3E8BB38DA}.Debug|Any CPU.Build.0 = Debug|Any CPU
		{813D93E4-F449-4B5E-AD66-C2A3E8BB38DA}.Release|Any CPU.ActiveCfg = Release|Any CPU
		{813D93E4-F449-4B5E-AD66-C2A3E8BB38DA}.Release|Any CPU.Build.0 = Release|Any CPU
		{14B957BB-EAE0-4134-BB42-D5C494DEA780}.Debug|Any CPU.ActiveCfg = Debug|Any CPU
		{14B957BB-EAE0-4134-BB42-D5C494DEA780}.Debug|Any CPU.Build.0 = Debug|Any CPU
		{14B957BB-EAE0-4134-BB42-D5C494DEA780}.Release|Any CPU.ActiveCfg = Release|Any CPU
		{14B957BB-EAE0-4134-BB42-D5C494DEA780}.Release|Any CPU.Build.0 = Release|Any CPU
		{A3FA55F0-A908-4E48-AB79-3C937A56E57B}.Debug|Any CPU.ActiveCfg = Debug|Any CPU
		{A3FA55F0-A908-4E48-AB79-3C937A56E57B}.Debug|Any CPU.Build.0 = Debug|Any CPU
		{A3FA55F0-A908-4E48-AB79-3C937A56E57B}.Release|Any CPU.ActiveCfg = Release|Any CPU
		{A3FA55F0-A908-4E48-AB79-3C937A56E57B}.Release|Any CPU.Build.0 = Release|Any CPU
		{1FF03AEA-83A5-4521-9FB0-BB68EFCB3632}.Debug|Any CPU.ActiveCfg = Debug|Any CPU
		{1FF03AEA-83A5-4521-9FB0-BB68EFCB3632}.Debug|Any CPU.Build.0 = Debug|Any CPU
		{1FF03AEA-83A5-4521-9FB0-BB68EFCB3632}.Release|Any CPU.ActiveCfg = Release|Any CPU
		{1FF03AEA-83A5-4521-9FB0-BB68EFCB3632}.Release|Any CPU.Build.0 = Release|Any CPU
	EndGlobalSection
	GlobalSection(SolutionProperties) = preSolution
		HideSolutionNode = FALSE
	EndGlobalSection
	GlobalSection(ExtensibilityGlobals) = postSolution
		SolutionGuid = {B84CF212-1557-4248-8DCB-B89892A5A89E}
	EndGlobalSection
EndGlobal
